
Microsoft Visual Studio Solution File, Format Version 12.00
# Visual Studio Version 16
VisualStudioVersion = 16.0.33027.164
MinimumVisualStudioVersion = 10.0.40219.1
Project("{FAE04EC0-301F-11D3-BF4B-00C04F79EFBC}") = "MovieCrud", "MovieCrud\MovieCrud.csproj", "{FF12DE59-19E5-4738-832B-8E9685080329}"
EndProject
Global
	GlobalSection(SolutionConfigurationPlatforms) = preSolution
		Debug|Any CPU = Debug|Any CPU
		Release|Any CPU = Release|Any CPU
	EndGlobalSection
	GlobalSection(ProjectConfigurationPlatforms) = postSolution
		{FF12DE59-19E5-4738-832B-8E9685080329}.Debug|Any CPU.ActiveCfg = Debug|Any CPU
		{FF12DE59-19E5-4738-832B-8E9685080329}.Debug|Any CPU.Build.0 = Debug|Any CPU
		{FF12DE59-19E5-4738-832B-8E9685080329}.Release|Any CPU.ActiveCfg = Release|Any CPU
		{FF12DE59-19E5-4738-832B-8E9685080329}.Release|Any CPU.Build.0 = Release|Any CPU
	EndGlobalSection
	GlobalSection(SolutionProperties) = preSolution
		HideSolutionNode = FALSE
	EndGlobalSection
	GlobalSection(ExtensibilityGlobals) = postSolution
		SolutionGuid = {4B6C8527-B6EA-417F-B307-71942533F83E}
	EndGlobalSection
EndGlobal
